
Microsoft Visual Studio Solution File, Format Version 12.00
# Visual Studio Version 17
VisualStudioVersion = 17.10.35027.167
MinimumVisualStudioVersion = 10.0.40219.1
Project("{FAE04EC0-301F-11D3-BF4B-00C04F79EFBC}") = "Libb", "Libb\Libb.csproj", "{0AC6E755-8838-40DA-83F5-CF7B9E34FDD3}"
EndProject
Global
	GlobalSection(SolutionConfigurationPlatforms) = preSolution
		Debug|Any CPU = Debug|Any CPU
		Release|Any CPU = Release|Any CPU
	EndGlobalSection
	GlobalSection(ProjectConfigurationPlatforms) = postSolution
		{0AC6E755-8838-40DA-83F5-CF7B9E34FDD3}.Debug|Any CPU.ActiveCfg = Debug|Any CPU
		{0AC6E755-8838-40DA-83F5-CF7B9E34FDD3}.Debug|Any CPU.Build.0 = Debug|Any CPU
		{0AC6E755-8838-40DA-83F5-CF7B9E34FDD3}.Release|Any CPU.ActiveCfg = Release|Any CPU
		{0AC6E755-8838-40DA-83F5-CF7B9E34FDD3}.Release|Any CPU.Build.0 = Release|Any CPU
	EndGlobalSection
	GlobalSection(SolutionProperties) = preSolution
		HideSolutionNode = FALSE
	EndGlobalSection
	GlobalSection(ExtensibilityGlobals) = postSolution
		SolutionGuid = {910F19C0-716C-49C2-A4D5-995F290B1422}
	EndGlobalSection
EndGlobal
